
Microsoft Visual Studio Solution File, Format Version 12.00
# Visual Studio Version 17
VisualStudioVersion = 17.5.002.0
MinimumVisualStudioVersion = 10.0.40219.1
Project("{9A19103F-16F7-4668-BE54-9A1E7A4F7556}") = "StayBall Server", "StayBall Server.csproj", "{C9995FA1-4EA9-43F2-86D0-6C145A5B66F0}"
EndProject
Global
	GlobalSection(SolutionConfigurationPlatforms) = preSolution
		Debug|Any CPU = Debug|Any CPU
		Release|Any CPU = Release|Any CPU
	EndGlobalSection
	GlobalSection(ProjectConfigurationPlatforms) = postSolution
		{C9995FA1-4EA9-43F2-86D0-6C145A5B66F0}.Debug|Any CPU.ActiveCfg = Debug|Any CPU
		{C9995FA1-4EA9-43F2-86D0-6C145A5B66F0}.Debug|Any CPU.Build.0 = Debug|Any CPU
		{C9995FA1-4EA9-43F2-86D0-6C145A5B66F0}.Release|Any CPU.ActiveCfg = Release|Any CPU
		{C9995FA1-4EA9-43F2-86D0-6C145A5B66F0}.Release|Any CPU.Build.0 = Release|Any CPU
	EndGlobalSection
	GlobalSection(SolutionProperties) = preSolution
		HideSolutionNode = FALSE
	EndGlobalSection
	GlobalSection(ExtensibilityGlobals) = postSolution
		SolutionGuid = {7A845C28-ACA2-403A-92E6-B6C85321672A}
	EndGlobalSection
EndGlobal
